
Microsoft Visual Studio Solution File, Format Version 12.00
# Visual Studio Version 16
VisualStudioVersion = 16.0.30523.141
MinimumVisualStudioVersion = 10.0.40219.1
Project("{FAE04EC0-301F-11D3-BF4B-00C04F79EFBC}") = "Crawler", "Crawler\Crawler.csproj", "{57473908-2920-46FE-9B0C-6F171E2987EE}"
EndProject
Project("{FAE04EC0-301F-11D3-BF4B-00C04F79EFBC}") = "CrawlerWinForm", "CrawlerWinForm\CrawlerWinForm.csproj", "{E1D2080B-3026-4E21-B6B7-8D6E00F01EF2}"
EndProject
Global
	GlobalSection(SolutionConfigurationPlatforms) = preSolution
		Debug|Any CPU = Debug|Any CPU
		Release|Any CPU = Release|Any CPU
	EndGlobalSection
	GlobalSection(ProjectConfigurationPlatforms) = postSolution
		{57473908-2920-46FE-9B0C-6F171E2987EE}.Debug|Any CPU.ActiveCfg = Debug|Any CPU
		{57473908-2920-46FE-9B0C-6F171E2987EE}.Debug|Any CPU.Build.0 = Debug|Any CPU
		{57473908-2920-46FE-9B0C-6F171E2987EE}.Release|Any CPU.ActiveCfg = Release|Any CPU
		{57473908-2920-46FE-9B0C-6F171E2987EE}.Release|Any CPU.Build.0 = Release|Any CPU
		{E1D2080B-3026-4E21-B6B7-8D6E00F01EF2}.Debug|Any CPU.ActiveCfg = Debug|Any CPU
		{E1D2080B-3026-4E21-B6B7-8D6E00F01EF2}.Debug|Any CPU.Build.0 = Debug|Any CPU
		{E1D2080B-3026-4E21-B6B7-8D6E00F01EF2}.Release|Any CPU.ActiveCfg = Release|Any CPU
		{E1D2080B-3026-4E21-B6B7-8D6E00F01EF2}.Release|Any CPU.Build.0 = Release|Any CPU
	EndGlobalSection
	GlobalSection(SolutionProperties) = preSolution
		HideSolutionNode = FALSE
	EndGlobalSection
	GlobalSection(ExtensibilityGlobals) = postSolution
		SolutionGuid = {8DA87447-CC1B-4821-BB7E-94779BA937D8}
	EndGlobalSection
EndGlobal
